
Microsoft Visual Studio Solution File, Format Version 12.00
# Visual Studio 15
VisualStudioVersion = 15.0.27130.2010
MinimumVisualStudioVersion = 10.0.40219.1
Project("{D57B52A8-BFA3-41EB-8BB0-3D495C699945}") = "PSDatabaseClone", "PSDatabaseClone\PSDatabaseClone.csproj", "{11DE58BF-DD6C-4860-9341-F4C56575E6FF}"
EndProject
Global
	GlobalSection(SolutionConfigurationPlatforms) = preSolution
		Debug|Any CPU = Debug|Any CPU
		Release|Any CPU = Release|Any CPU
	EndGlobalSection
	GlobalSection(ProjectConfigurationPlatforms) = postSolution
		{11DE58BF-DD6C-4860-9341-F4C56575E6FF}.Debug|Any CPU.ActiveCfg = Debug|Any CPU
		{11DE58BF-DD6C-4860-9341-F4C56575E6FF}.Debug|Any CPU.Build.0 = Debug|Any CPU
		{11DE58BF-DD6C-4860-9341-F4C56575E6FF}.Release|Any CPU.ActiveCfg = Release|Any CPU
		{11DE58BF-DD6C-4860-9341-F4C56575E6FF}.Release|Any CPU.Build.0 = Release|Any CPU
	EndGlobalSection
	GlobalSection(SolutionProperties) = preSolution
		HideSolutionNode = FALSE
	EndGlobalSection
	GlobalSection(ExtensibilityGlobals) = postSolution
		SolutionGuid = {53CFDC97-CB72-4AED-883C-944132340EB5}
	EndGlobalSection
EndGlobal
